// !$*UTF8*$!
{
	archiveVersion = 1;
	classes = {
	};
	objectVersion = 56;
	objects = {

/* Begin PBXBuildFile section */
		0A2285712A875238009ABFBC /* DishModel.swift in Sources */ = {isa = PBXBuildFile; fileRef = 0A2285702A875238009ABFBC /* DishModel.swift */; };
		0A686B1D2A80F83F00F7BEE0 /* MenuItem.swift in Sources */ = {isa = PBXBuildFile; fileRef = 0A686B1C2A80F83F00F7BEE0 /* MenuItem.swift */; };
		0A686B302A82596500F7BEE0 /* Dish+Extension.swift in Sources */ = {isa = PBXBuildFile; fileRef = 0A686B2F2A82596500F7BEE0 /* Dish+Extension.swift */; };
		0A686B3C2A82816E00F7BEE0 /* Dishes.swift in Sources */ = {isa = PBXBuildFile; fileRef = 0A686B3B2A82816E00F7BEE0 /* Dishes.swift */; };
		0A686B3E2A83049200F7BEE0 /* SelectButton.swift in Sources */ = {isa = PBXBuildFile; fileRef = 0A686B3D2A83049200F7BEE0 /* SelectButton.swift */; };
		0A686B402A83051200F7BEE0 /* DishRow.swift in Sources */ = {isa = PBXBuildFile; fileRef = 0A686B3F2A83051200F7BEE0 /* DishRow.swift */; };
		0A7C66AA2A7FA6D2000C4638 /* LittleLemonCapstoneMWApp.swift in Sources */ = {isa = PBXBuildFile; fileRef = 0A7C66A92A7FA6D2000C4638 /* LittleLemonCapstoneMWApp.swift */; };
		0A7C66AC2A7FA6D2000C4638 /* ContentView.swift in Sources */ = {isa = PBXBuildFile; fileRef = 0A7C66AB2A7FA6D2000C4638 /* ContentView.swift */; };
		0A7C66AE2A7FA6D3000C4638 /* Assets.xcassets in Resources */ = {isa = PBXBuildFile; fileRef = 0A7C66AD2A7FA6D3000C4638 /* Assets.xcassets */; };
		0A7C66B12A7FA6D3000C4638 /* Preview Assets.xcassets in Resources */ = {isa = PBXBuildFile; fileRef = 0A7C66B02A7FA6D3000C4638 /* Preview Assets.xcassets */; };
		0A7C66B32A7FA6D3000C4638 /* Persistence.swift in Sources */ = {isa = PBXBuildFile; fileRef = 0A7C66B22A7FA6D3000C4638 /* Persistence.swift */; };
		0A7C66B62A7FA6D3000C4638 /* LittleLemonCapstoneMW.xcdatamodeld in Sources */ = {isa = PBXBuildFile; fileRef = 0A7C66B42A7FA6D3000C4638 /* LittleLemonCapstoneMW.xcdatamodeld */; };
		0A7C66BD2A7FA837000C4638 /* Home.swift in Sources */ = {isa = PBXBuildFile; fileRef = 0A7C66BC2A7FA837000C4638 /* Home.swift */; };
		0A7C66C12A7FB04C000C4638 /* OnboardingCard2.swift in Sources */ = {isa = PBXBuildFile; fileRef = 0A7C66C02A7FB04C000C4638 /* OnboardingCard2.swift */; };
		0A7C66C32A7FB3A7000C4638 /* WireFrame.swift in Sources */ = {isa = PBXBuildFile; fileRef = 0A7C66C22A7FB3A7000C4638 /* WireFrame.swift */; };
		0A7C66C52A7FC310000C4638 /* HeaderView.swift in Sources */ = {isa = PBXBuildFile; fileRef = 0A7C66C42A7FC310000C4638 /* HeaderView.swift */; };
		0A7C66C92A7FC7B0000C4638 /* HeroView.swift in Sources */ = {isa = PBXBuildFile; fileRef = 0A7C66C82A7FC7B0000C4638 /* HeroView.swift */; };
		0A7C66CB2A7FCB10000C4638 /* MenuBreakdownView.swift in Sources */ = {isa = PBXBuildFile; fileRef = 0A7C66CA2A7FCB10000C4638 /* MenuBreakdownView.swift */; };
		0A7C66CD2A7FCFEC000C4638 /* FoodMenuListView.swift in Sources */ = {isa = PBXBuildFile; fileRef = 0A7C66CC2A7FCFEC000C4638 /* FoodMenuListView.swift */; };
		0AB6807C2A87605A001742E0 /* Dish+CoreDataClass.swift in Sources */ = {isa = PBXBuildFile; fileRef = 0AB6807A2A87605A001742E0 /* Dish+CoreDataClass.swift */; };
		0AB6807D2A87605A001742E0 /* Dish+CoreDataProperties.swift in Sources */ = {isa = PBXBuildFile; fileRef = 0AB6807B2A87605A001742E0 /* Dish+CoreDataProperties.swift */; };
		0AB6807F2A876767001742E0 /* FetchedObjects.swift in Sources */ = {isa = PBXBuildFile; fileRef = 0AB6807E2A876767001742E0 /* FetchedObjects.swift */; };
		0AB680852A87821C001742E0 /* Markazi Text.ttf in Resources */ = {isa = PBXBuildFile; fileRef = 0AB680832A87821C001742E0 /* Markazi Text.ttf */; };
		0AB680862A87821C001742E0 /* Karla.ttf in Resources */ = {isa = PBXBuildFile; fileRef = 0AB680842A87821C001742E0 /* Karla.ttf */; };
		0AB680882A88DAB7001742E0 /* Theme.swift in Sources */ = {isa = PBXBuildFile; fileRef = 0AB680872A88DAB7001742E0 /* Theme.swift */; };
		0AB6808A2A88E63D001742E0 /* ProfileView.swift in Sources */ = {isa = PBXBuildFile; fileRef = 0AB680892A88E63D001742E0 /* ProfileView.swift */; };
		0AB6808C2A89034D001742E0 /* OnBoarding.swift in Sources */ = {isa = PBXBuildFile; fileRef = 0AB6808B2A89034D001742E0 /* OnBoarding.swift */; };
/* End PBXBuildFile section */

/* Begin PBXFileReference section */
		0A2285702A875238009ABFBC /* DishModel.swift */ = {isa = PBXFileReference; lastKnownFileType = sourcecode.swift; path = DishModel.swift; sourceTree = "<group>"; };
		0A686B1C2A80F83F00F7BEE0 /* MenuItem.swift */ = {isa = PBXFileReference; lastKnownFileType = sourcecode.swift; path = MenuItem.swift; sourceTree = "<group>"; };
		0A686B2F2A82596500F7BEE0 /* Dish+Extension.swift */ = {isa = PBXFileReference; lastKnownFileType = sourcecode.swift; path = "Dish+Extension.swift"; sourceTree = "<group>"; };
		0A686B3B2A82816E00F7BEE0 /* Dishes.swift */ = {isa = PBXFileReference; lastKnownFileType = sourcecode.swift; path = Dishes.swift; sourceTree = "<group>"; };
		0A686B3D2A83049200F7BEE0 /* SelectButton.swift */ = {isa = PBXFileReference; lastKnownFileType = sourcecode.swift; path = SelectButton.swift; sourceTree = "<group>"; };
		0A686B3F2A83051200F7BEE0 /* DishRow.swift */ = {isa = PBXFileReference; lastKnownFileType = sourcecode.swift; path = DishRow.swift; sourceTree = "<group>"; };
		0A7C66A62A7FA6D2000C4638 /* LittleLemonCapstoneMW.app */ = {isa = PBXFileReference; explicitFileType = wrapper.application; includeInIndex = 0; path = LittleLemonCapstoneMW.app; sourceTree = BUILT_PRODUCTS_DIR; };
		0A7C66A92A7FA6D2000C4638 /* LittleLemonCapstoneMWApp.swift */ = {isa = PBXFileReference; lastKnownFileType = sourcecode.swift; path = LittleLemonCapstoneMWApp.swift; sourceTree = "<group>"; };
		0A7C66AB2A7FA6D2000C4638 /* ContentView.swift */ = {isa = PBXFileReference; lastKnownFileType = sourcecode.swift; path = ContentView.swift; sourceTree = "<group>"; };
		0A7C66AD2A7FA6D3000C4638 /* Assets.xcassets */ = {isa = PBXFileReference; lastKnownFileType = folder.assetcatalog; path = Assets.xcassets; sourceTree = "<group>"; };
		0A7C66B02A7FA6D3000C4638 /* Preview Assets.xcassets */ = {isa = PBXFileReference; lastKnownFileType = folder.assetcatalog; path = "Preview Assets.xcassets"; sourceTree = "<group>"; };
		0A7C66B22A7FA6D3000C4638 /* Persistence.swift */ = {isa = PBXFileReference; lastKnownFileType = sourcecode.swift; path = Persistence.swift; sourceTree = "<group>"; };
		0A7C66B52A7FA6D3000C4638 /* LittleLemonCapstoneMW.xcdatamodel */ = {isa = PBXFileReference; lastKnownFileType = wrapper.xcdatamodel; path = LittleLemonCapstoneMW.xcdatamodel; sourceTree = "<group>"; };
		0A7C66BC2A7FA837000C4638 /* Home.swift */ = {isa = PBXFileReference; lastKnownFileType = sourcecode.swift; path = Home.swift; sourceTree = "<group>"; };
		0A7C66C02A7FB04C000C4638 /* OnboardingCard2.swift */ = {isa = PBXFileReference; lastKnownFileType = sourcecode.swift; path = OnboardingCard2.swift; sourceTree = "<group>"; };
		0A7C66C22A7FB3A7000C4638 /* WireFrame.swift */ = {isa = PBXFileReference; lastKnownFileType = sourcecode.swift; path = WireFrame.swift; sourceTree = "<group>"; };
		0A7C66C42A7FC310000C4638 /* HeaderView.swift */ = {isa = PBXFileReference; lastKnownFileType = sourcecode.swift; path = HeaderView.swift; sourceTree = "<group>"; };
		0A7C66C82A7FC7B0000C4638 /* HeroView.swift */ = {isa = PBXFileReference; lastKnownFileType = sourcecode.swift; path = HeroView.swift; sourceTree = "<group>"; };
		0A7C66CA2A7FCB10000C4638 /* MenuBreakdownView.swift */ = {isa = PBXFileReference; lastKnownFileType = sourcecode.swift; path = MenuBreakdownView.swift; sourceTree = "<group>"; };
		0A7C66CC2A7FCFEC000C4638 /* FoodMenuListView.swift */ = {isa = PBXFileReference; lastKnownFileType = sourcecode.swift; path = FoodMenuListView.swift; sourceTree = "<group>"; };
		0AB6807A2A87605A001742E0 /* Dish+CoreDataClass.swift */ = {isa = PBXFileReference; lastKnownFileType = sourcecode.swift; path = "Dish+CoreDataClass.swift"; sourceTree = "<group>"; };
		0AB6807B2A87605A001742E0 /* Dish+CoreDataProperties.swift */ = {isa = PBXFileReference; lastKnownFileType = sourcecode.swift; path = "Dish+CoreDataProperties.swift"; sourceTree = "<group>"; };
		0AB6807E2A876767001742E0 /* FetchedObjects.swift */ = {isa = PBXFileReference; lastKnownFileType = sourcecode.swift; path = FetchedObjects.swift; sourceTree = "<group>"; };
		0AB680822A877FB4001742E0 /* Info.plist */ = {isa = PBXFileReference; lastKnownFileType = text.plist; path = Info.plist; sourceTree = "<group>"; };
		0AB680832A87821C001742E0 /* Markazi Text.ttf */ = {isa = PBXFileReference; lastKnownFileType = file; name = "Markazi Text.ttf"; path = "Fonts/Markazi Text.ttf"; sourceTree = "<group>"; };
		0AB680842A87821C001742E0 /* Karla.ttf */ = {isa = PBXFileReference; lastKnownFileType = file; name = Karla.ttf; path = Fonts/Karla.ttf; sourceTree = "<group>"; };
		0AB680872A88DAB7001742E0 /* Theme.swift */ = {isa = PBXFileReference; lastKnownFileType = sourcecode.swift; path = Theme.swift; sourceTree = "<group>"; };
		0AB680892A88E63D001742E0 /* ProfileView.swift */ = {isa = PBXFileReference; lastKnownFileType = sourcecode.swift; path = ProfileView.swift; sourceTree = "<group>"; };
		0AB6808B2A89034D001742E0 /* OnBoarding.swift */ = {isa = PBXFileReference; lastKnownFileType = sourcecode.swift; path = OnBoarding.swift; sourceTree = "<group>"; };
/* End PBXFileReference section */

/* Begin PBXFrameworksBuildPhase section */
		0A7C66A32A7FA6D2000C4638 /* Frameworks */ = {
			isa = PBXFrameworksBuildPhase;
			buildActionMask = 2147483647;
			files = (
			);
			runOnlyForDeploymentPostprocessing = 0;
		};
/* End PBXFrameworksBuildPhase section */

/* Begin PBXGroup section */
		0A686B132A80F58D00F7BEE0 /* UIDesign */ = {
			isa = PBXGroup;
			children = (
				0AB680872A88DAB7001742E0 /* Theme.swift */,
				0A7C66C22A7FB3A7000C4638 /* WireFrame.swift */,
			);
			path = UIDesign;
			sourceTree = "<group>";
		};
		0A686B142A80F5A400F7BEE0 /* Views */ = {
			isa = PBXGroup;
			children = (
				0A686B3B2A82816E00F7BEE0 /* Dishes.swift */,
				0A686B3F2A83051200F7BEE0 /* DishRow.swift */,
				0A7C66C42A7FC310000C4638 /* HeaderView.swift */,
				0A7C66C82A7FC7B0000C4638 /* HeroView.swift */,
				0A7C66CA2A7FCB10000C4638 /* MenuBreakdownView.swift */,
				0A7C66CC2A7FCFEC000C4638 /* FoodMenuListView.swift */,
			);
			path = Views;
			sourceTree = "<group>";
		};
		0A686B152A80F5ED00F7BEE0 /* Model */ = {
			isa = PBXGroup;
			children = (
				0A7C66B22A7FA6D3000C4638 /* Persistence.swift */,
				0A686B2F2A82596500F7BEE0 /* Dish+Extension.swift */,
				0A2285702A875238009ABFBC /* DishModel.swift */,
				0A686B1C2A80F83F00F7BEE0 /* MenuItem.swift */,
			);
			path = Model;
			sourceTree = "<group>";
		};
		0A7C669D2A7FA6D2000C4638 = {
			isa = PBXGroup;
			children = (
				0AB680842A87821C001742E0 /* Karla.ttf */,
				0AB680832A87821C001742E0 /* Markazi Text.ttf */,
				0AB6807E2A876767001742E0 /* FetchedObjects.swift */,
				0AB6807A2A87605A001742E0 /* Dish+CoreDataClass.swift */,
				0AB6807B2A87605A001742E0 /* Dish+CoreDataProperties.swift */,
				0A686B3D2A83049200F7BEE0 /* SelectButton.swift */,
				0A7C66A82A7FA6D2000C4638 /* LittleLemonCapstoneMW */,
				0A7C66A72A7FA6D2000C4638 /* Products */,
			);
			sourceTree = "<group>";
		};
		0A7C66A72A7FA6D2000C4638 /* Products */ = {
			isa = PBXGroup;
			children = (
				0A7C66A62A7FA6D2000C4638 /* LittleLemonCapstoneMW.app */,
			);
			name = Products;
			sourceTree = "<group>";
		};
		0A7C66A82A7FA6D2000C4638 /* LittleLemonCapstoneMW */ = {
			isa = PBXGroup;
			children = (
				0AB680822A877FB4001742E0 /* Info.plist */,
				0A686B152A80F5ED00F7BEE0 /* Model */,
				0A686B142A80F5A400F7BEE0 /* Views */,
				0A7C66A92A7FA6D2000C4638 /* LittleLemonCapstoneMWApp.swift */,
				0A7C66AB2A7FA6D2000C4638 /* ContentView.swift */,
				0AB680892A88E63D001742E0 /* ProfileView.swift */,
				0A7C66BC2A7FA837000C4638 /* Home.swift */,
				0A7C66C02A7FB04C000C4638 /* OnboardingCard2.swift */,
				0AB6808B2A89034D001742E0 /* OnBoarding.swift */,
				0A7C66AD2A7FA6D3000C4638 /* Assets.xcassets */,
				0A686B132A80F58D00F7BEE0 /* UIDesign */,
				0A7C66B42A7FA6D3000C4638 /* LittleLemonCapstoneMW.xcdatamodeld */,
				0A7C66AF2A7FA6D3000C4638 /* Preview Content */,
			);
			path = LittleLemonCapstoneMW;
			sourceTree = "<group>";
		};
		0A7C66AF2A7FA6D3000C4638 /* Preview Content */ = {
			isa = PBXGroup;
			children = (
				0A7C66B02A7FA6D3000C4638 /* Preview Assets.xcassets */,
			);
			path = "Preview Content";
			sourceTree = "<group>";
		};
/* End PBXGroup section */

/* Begin PBXNativeTarget section */
		0A7C66A52A7FA6D2000C4638 /* LittleLemonCapstoneMW */ = {
			isa = PBXNativeTarget;
			buildConfigurationList = 0A7C66B92A7FA6D3000C4638 /* Build configuration list for PBXNativeTarget "LittleLemonCapstoneMW" */;
			buildPhases = (
				0A7C66A22A7FA6D2000C4638 /* Sources */,
				0A7C66A32A7FA6D2000C4638 /* Frameworks */,
				0A7C66A42A7FA6D2000C4638 /* Resources */,
			);
			buildRules = (
			);
			dependencies = (
			);
			name = LittleLemonCapstoneMW;
			productName = LittleLemonCapstoneMW;
			productReference = 0A7C66A62A7FA6D2000C4638 /* LittleLemonCapstoneMW.app */;
			productType = "com.apple.product-type.application";
		};
/* End PBXNativeTarget section */

/* Begin PBXProject section */
		0A7C669E2A7FA6D2000C4638 /* Project object */ = {
			isa = PBXProject;
			attributes = {
				BuildIndependentTargetsInParallel = 1;
				LastSwiftUpdateCheck = 1430;
				LastUpgradeCheck = 1430;
				TargetAttributes = {
					0A7C66A52A7FA6D2000C4638 = {
						CreatedOnToolsVersion = 14.3.1;
					};
				};
			};
			buildConfigurationList = 0A7C66A12A7FA6D2000C4638 /* Build configuration list for PBXProject "LittleLemonCapstoneMW" */;
			compatibilityVersion = "Xcode 14.0";
			developmentRegion = en;
			hasScannedForEncodings = 0;
			knownRegions = (
				en,
				Base,
			);
			mainGroup = 0A7C669D2A7FA6D2000C4638;
			productRefGroup = 0A7C66A72A7FA6D2000C4638 /* Products */;
			projectDirPath = "";
			projectRoot = "";
			targets = (
				0A7C66A52A7FA6D2000C4638 /* LittleLemonCapstoneMW */,
			);
		};
/* End PBXProject section */

/* Begin PBXResourcesBuildPhase section */
		0A7C66A42A7FA6D2000C4638 /* Resources */ = {
			isa = PBXResourcesBuildPhase;
			buildActionMask = 2147483647;
			files = (
				0AB680862A87821C001742E0 /* Karla.ttf in Resources */,
				0A7C66B12A7FA6D3000C4638 /* Preview Assets.xcassets in Resources */,
				0A7C66AE2A7FA6D3000C4638 /* Assets.xcassets in Resources */,
				0AB680852A87821C001742E0 /* Markazi Text.ttf in Resources */,
			);
			runOnlyForDeploymentPostprocessing = 0;
		};
/* End PBXResourcesBuildPhase section */

/* Begin PBXSourcesBuildPhase section */
		0A7C66A22A7FA6D2000C4638 /* Sources */ = {
			isa = PBXSourcesBuildPhase;
			buildActionMask = 2147483647;
			files = (
				0A686B1D2A80F83F00F7BEE0 /* MenuItem.swift in Sources */,
				0A7C66B62A7FA6D3000C4638 /* LittleLemonCapstoneMW.xcdatamodeld in Sources */,
				0A7C66CD2A7FCFEC000C4638 /* FoodMenuListView.swift in Sources */,
				0AB680882A88DAB7001742E0 /* Theme.swift in Sources */,
				0A686B3E2A83049200F7BEE0 /* SelectButton.swift in Sources */,
				0A7C66C52A7FC310000C4638 /* HeaderView.swift in Sources */,
				0A7C66B32A7FA6D3000C4638 /* Persistence.swift in Sources */,
				0A2285712A875238009ABFBC /* DishModel.swift in Sources */,
				0A7C66C92A7FC7B0000C4638 /* HeroView.swift in Sources */,
				0A7C66C12A7FB04C000C4638 /* OnboardingCard2.swift in Sources */,
				0AB6807F2A876767001742E0 /* FetchedObjects.swift in Sources */,
				0A7C66C32A7FB3A7000C4638 /* WireFrame.swift in Sources */,
				0A7C66AC2A7FA6D2000C4638 /* ContentView.swift in Sources */,
				0A7C66AA2A7FA6D2000C4638 /* LittleLemonCapstoneMWApp.swift in Sources */,
				0A7C66CB2A7FCB10000C4638 /* MenuBreakdownView.swift in Sources */,
				0A686B402A83051200F7BEE0 /* DishRow.swift in Sources */,
				0AB6807C2A87605A001742E0 /* Dish+CoreDataClass.swift in Sources */,
				0AB6807D2A87605A001742E0 /* Dish+CoreDataProperties.swift in Sources */,
				0A686B3C2A82816E00F7BEE0 /* Dishes.swift in Sources */,
				0A7C66BD2A7FA837000C4638 /* Home.swift in Sources */,
				0AB6808A2A88E63D001742E0 /* ProfileView.swift in Sources */,
				0A686B302A82596500F7BEE0 /* Dish+Extension.swift in Sources */,
				0AB6808C2A89034D001742E0 /* OnBoarding.swift in Sources */,
			);
			runOnlyForDeploymentPostprocessing = 0;
		};
/* End PBXSourcesBuildPhase section */

/* Begin XCBuildConfiguration section */
		0A7C66B72A7FA6D3000C4638 /* Debug */ = {
			isa = XCBuildConfiguration;
			buildSettings = {
				ALWAYS_SEARCH_USER_PATHS = NO;
				CLANG_ANALYZER_NONNULL = YES;
				CLANG_ANALYZER_NUMBER_OBJECT_CONVERSION = YES_AGGRESSIVE;
				CLANG_CXX_LANGUAGE_STANDARD = "gnu++20";
				CLANG_ENABLE_MODULES = YES;
				CLANG_ENABLE_OBJC_ARC = YES;
				CLANG_ENABLE_OBJC_WEAK = YES;
				CLANG_WARN_BLOCK_CAPTURE_AUTORELEASING = YES;
				CLANG_WARN_BOOL_CONVERSION = YES;
				CLANG_WARN_COMMA = YES;
				CLANG_WARN_CONSTANT_CONVERSION = YES;
				CLANG_WARN_DEPRECATED_OBJC_IMPLEMENTATIONS = YES;
				CLANG_WARN_DIRECT_OBJC_ISA_USAGE = YES_ERROR;
				CLANG_WARN_DOCUMENTATION_COMMENTS = YES;
				CLANG_WARN_EMPTY_BODY = YES;
				CLANG_WARN_ENUM_CONVERSION = YES;
				CLANG_WARN_INFINITE_RECURSION = YES;
				CLANG_WARN_INT_CONVERSION = YES;
				CLANG_WARN_NON_LITERAL_NULL_CONVERSION = YES;
				CLANG_WARN_OBJC_IMPLICIT_RETAIN_SELF = YES;
				CLANG_WARN_OBJC_LITERAL_CONVERSION = YES;
				CLANG_WARN_OBJC_ROOT_CLASS = YES_ERROR;
				CLANG_WARN_QUOTED_INCLUDE_IN_FRAMEWORK_HEADER = YES;
				CLANG_WARN_RANGE_LOOP_ANALYSIS = YES;
				CLANG_WARN_STRICT_PROTOTYPES = YES;
				CLANG_WARN_SUSPICIOUS_MOVE = YES;
				CLANG_WARN_UNGUARDED_AVAILABILITY = YES_AGGRESSIVE;
				CLANG_WARN_UNREACHABLE_CODE = YES;
				CLANG_WARN__DUPLICATE_METHOD_MATCH = YES;
				COPY_PHASE_STRIP = NO;
				DEBUG_INFORMATION_FORMAT = dwarf;
				ENABLE_STRICT_OBJC_MSGSEND = YES;
				ENABLE_TESTABILITY = YES;
				GCC_C_LANGUAGE_STANDARD = gnu11;
				GCC_DYNAMIC_NO_PIC = NO;
				GCC_NO_COMMON_BLOCKS = YES;
				GCC_OPTIMIZATION_LEVEL = 0;
				GCC_PREPROCESSOR_DEFINITIONS = (
					"DEBUG=1",
					"$(inherited)",
				);
				GCC_WARN_64_TO_32_BIT_CONVERSION = YES;
				GCC_WARN_ABOUT_RETURN_TYPE = YES_ERROR;
				GCC_WARN_UNDECLARED_SELECTOR = YES;
				GCC_WARN_UNINITIALIZED_AUTOS = YES_AGGRESSIVE;
				GCC_WARN_UNUSED_FUNCTION = YES;
				GCC_WARN_UNUSED_VARIABLE = YES;
				IPHONEOS_DEPLOYMENT_TARGET = 16.4;
				MTL_ENABLE_DEBUG_INFO = INCLUDE_SOURCE;
				MTL_FAST_MATH = YES;
				ONLY_ACTIVE_ARCH = YES;
				SDKROOT = iphoneos;
				SWIFT_ACTIVE_COMPILATION_CONDITIONS = DEBUG;
				SWIFT_OPTIMIZATION_LEVEL = "-Onone";
			};
			name = Debug;
		};
		0A7C66B82A7FA6D3000C4638 /* Release */ = {
			isa = XCBuildConfiguration;
			buildSettings = {
				ALWAYS_SEARCH_USER_PATHS = NO;
				CLANG_ANALYZER_NONNULL = YES;
				CLANG_ANALYZER_NUMBER_OBJECT_CONVERSION = YES_AGGRESSIVE;
				CLANG_CXX_LANGUAGE_STANDARD = "gnu++20";
				CLANG_ENABLE_MODULES = YES;
				CLANG_ENABLE_OBJC_ARC = YES;
				CLANG_ENABLE_OBJC_WEAK = YES;
				CLANG_WARN_BLOCK_CAPTURE_AUTORELEASING = YES;
				CLANG_WARN_BOOL_CONVERSION = YES;
				CLANG_WARN_COMMA = YES;
				CLANG_WARN_CONSTANT_CONVERSION = YES;
				CLANG_WARN_DEPRECATED_OBJC_IMPLEMENTATIONS = YES;
				CLANG_WARN_DIRECT_OBJC_ISA_USAGE = YES_ERROR;
				CLANG_WARN_DOCUMENTATION_COMMENTS = YES;
				CLANG_WARN_EMPTY_BODY = YES;
				CLANG_WARN_ENUM_CONVERSION = YES;
				CLANG_WARN_INFINITE_RECURSION = YES;
				CLANG_WARN_INT_CONVERSION = YES;
				CLANG_WARN_NON_LITERAL_NULL_CONVERSION = YES;
				CLANG_WARN_OBJC_IMPLICIT_RETAIN_SELF = YES;
				CLANG_WARN_OBJC_LITERAL_CONVERSION = YES;
				CLANG_WARN_OBJC_ROOT_CLASS = YES_ERROR;
				CLANG_WARN_QUOTED_INCLUDE_IN_FRAMEWORK_HEADER = YES;
				CLANG_WARN_RANGE_LOOP_ANALYSIS = YES;
				CLANG_WARN_STRICT_PROTOTYPES = YES;
				CLANG_WARN_SUSPICIOUS_MOVE = YES;
				CLANG_WARN_UNGUARDED_AVAILABILITY = YES_AGGRESSIVE;
				CLANG_WARN_UNREACHABLE_CODE = YES;
				CLANG_WARN__DUPLICATE_METHOD_MATCH = YES;
				COPY_PHASE_STRIP = NO;
				DEBUG_INFORMATION_FORMAT = "dwarf-with-dsym";
				ENABLE_NS_ASSERTIONS = NO;
				ENABLE_STRICT_OBJC_MSGSEND = YES;
				GCC_C_LANGUAGE_STANDARD = gnu11;
				GCC_NO_COMMON_BLOCKS = YES;
				GCC_WARN_64_TO_32_BIT_CONVERSION = YES;
				GCC_WARN_ABOUT_RETURN_TYPE = YES_ERROR;
				GCC_WARN_UNDECLARED_SELECTOR = YES;
				GCC_WARN_UNINITIALIZED_AUTOS = YES_AGGRESSIVE;
				GCC_WARN_UNUSED_FUNCTION = YES;
				GCC_WARN_UNUSED_VARIABLE = YES;
				IPHONEOS_DEPLOYMENT_TARGET = 16.4;
				MTL_ENABLE_DEBUG_INFO = NO;
				MTL_FAST_MATH = YES;
				SDKROOT = iphoneos;
				SWIFT_COMPILATION_MODE = wholemodule;
				SWIFT_OPTIMIZATION_LEVEL = "-O";
				VALIDATE_PRODUCT = YES;
			};
			name = Release;
		};
		0A7C66BA2A7FA6D3000C4638 /* Debug */ = {
			isa = XCBuildConfiguration;
			buildSettings = {
				ASSETCATALOG_COMPILER_APPICON_NAME = AppIcon;
				ASSETCATALOG_COMPILER_GLOBAL_ACCENT_COLOR_NAME = AccentColor;
				CODE_SIGN_STYLE = Automatic;
				CURRENT_PROJECT_VERSION = 1;
				DEVELOPMENT_ASSET_PATHS = "\"LittleLemonCapstoneMW/Preview Content\"";
				DEVELOPMENT_TEAM = YZ4RH4T5BB;
				ENABLE_PREVIEWS = YES;
				GENERATE_INFOPLIST_FILE = YES;
				INFOPLIST_FILE = LittleLemonCapstoneMW/Info.plist;
				INFOPLIST_KEY_UIApplicationSceneManifest_Generation = YES;
				INFOPLIST_KEY_UIApplicationSupportsIndirectInputEvents = YES;
				INFOPLIST_KEY_UILaunchScreen_Generation = YES;
				INFOPLIST_KEY_UISupportedInterfaceOrientations_iPad = "UIInterfaceOrientationPortrait UIInterfaceOrientationPortraitUpsideDown UIInterfaceOrientationLandscapeLeft UIInterfaceOrientationLandscapeRight";
				INFOPLIST_KEY_UISupportedInterfaceOrientations_iPhone = "UIInterfaceOrientationPortrait UIInterfaceOrientationLandscapeLeft UIInterfaceOrientationLandscapeRight";
				LD_RUNPATH_SEARCH_PATHS = (
					"$(inherited)",
					"@executable_path/Frameworks",
				);
				MARKETING_VERSION = 1.0;
				PRODUCT_BUNDLE_IDENTIFIER = MWils83.LittleLemonCapstoneMW;
				PRODUCT_NAME = "$(TARGET_NAME)";
				SWIFT_EMIT_LOC_STRINGS = YES;
				SWIFT_VERSION = 5.0;
				TARGETED_DEVICE_FAMILY = "1,2";
			};
			name = Debug;
		};
		0A7C66BB2A7FA6D3000C4638 /* Release */ = {
			isa = XCBuildConfiguration;
			buildSettings = {
				ASSETCATALOG_COMPILER_APPICON_NAME = AppIcon;
				ASSETCATALOG_COMPILER_GLOBAL_ACCENT_COLOR_NAME = AccentColor;
				CODE_SIGN_STYLE = Automatic;
				CURRENT_PROJECT_VERSION = 1;
				DEVELOPMENT_ASSET_PATHS = "\"LittleLemonCapstoneMW/Preview Content\"";
				DEVELOPMENT_TEAM = YZ4RH4T5BB;
				ENABLE_PREVIEWS = YES;
				GENERATE_INFOPLIST_FILE = YES;
				INFOPLIST_FILE = LittleLemonCapstoneMW/Info.plist;
				INFOPLIST_KEY_UIApplicationSceneManifest_Generation = YES;
				INFOPLIST_KEY_UIApplicationSupportsIndirectInputEvents = YES;
				INFOPLIST_KEY_UILaunchScreen_Generation = YES;
				INFOPLIST_KEY_UISupportedInterfaceOrientations_iPad = "UIInterfaceOrientationPortrait UIInterfaceOrientationPortraitUpsideDown UIInterfaceOrientationLandscapeLeft UIInterfaceOrientationLandscapeRight";
				INFOPLIST_KEY_UISupportedInterfaceOrientations_iPhone = "UIInterfaceOrientationPortrait UIInterfaceOrientationLandscapeLeft UIInterfaceOrientationLandscapeRight";
				LD_RUNPATH_SEARCH_PATHS = (
					"$(inherited)",
					"@executable_path/Frameworks",
				);
				MARKETING_VERSION = 1.0;
				PRODUCT_BUNDLE_IDENTIFIER = MWils83.LittleLemonCapstoneMW;
				PRODUCT_NAME = "$(TARGET_NAME)";
				SWIFT_EMIT_LOC_STRINGS = YES;
				SWIFT_VERSION = 5.0;
				TARGETED_DEVICE_FAMILY = "1,2";
			};
			name = Release;
		};
/* End XCBuildConfiguration section */

/* Begin XCConfigurationList section */
		0A7C66A12A7FA6D2000C4638 /* Build configuration list for PBXProject "LittleLemonCapstoneMW" */ = {
			isa = XCConfigurationList;
			buildConfigurations = (
				0A7C66B72A7FA6D3000C4638 /* Debug */,
				0A7C66B82A7FA6D3000C4638 /* Release */,
			);
			defaultConfigurationIsVisible = 0;
			defaultConfigurationName = Release;
		};
		0A7C66B92A7FA6D3000C4638 /* Build configuration list for PBXNativeTarget "LittleLemonCapstoneMW" */ = {
			isa = XCConfigurationList;
			buildConfigurations = (
				0A7C66BA2A7FA6D3000C4638 /* Debug */,
				0A7C66BB2A7FA6D3000C4638 /* Release */,
			);
			defaultConfigurationIsVisible = 0;
			defaultConfigurationName = Release;
		};
/* End XCConfigurationList section */

/* Begin XCVersionGroup section */
		0A7C66B42A7FA6D3000C4638 /* LittleLemonCapstoneMW.xcdatamodeld */ = {
			isa = XCVersionGroup;
			children = (
				0A7C66B52A7FA6D3000C4638 /* LittleLemonCapstoneMW.xcdatamodel */,
			);
			currentVersion = 0A7C66B52A7FA6D3000C4638 /* LittleLemonCapstoneMW.xcdatamodel */;
			path = LittleLemonCapstoneMW.xcdatamodeld;
			sourceTree = "<group>";
			versionGroupType = wrapper.xcdatamodel;
		};
/* End XCVersionGroup section */
	};
	rootObject = 0A7C669E2A7FA6D2000C4638 /* Project object */;
}
